
Microsoft Visual Studio Solution File, Format Version 12.00
# Visual Studio Version 17
VisualStudioVersion = 17.4.33213.308
MinimumVisualStudioVersion = 10.0.40219.1
Project("{9A19103F-16F7-4668-BE54-9A1E7A4F7556}") = "ClubOyster_Cursach", "ClubOyster_Cursach\ClubOyster_Cursach.csproj", "{178FDB6B-FAAD-4217-B152-FE5AE9C39EEB}"
EndProject
Global
	GlobalSection(SolutionConfigurationPlatforms) = preSolution
		Debug|Any CPU = Debug|Any CPU
		Release|Any CPU = Release|Any CPU
	EndGlobalSection
	GlobalSection(ProjectConfigurationPlatforms) = postSolution
		{178FDB6B-FAAD-4217-B152-FE5AE9C39EEB}.Debug|Any CPU.ActiveCfg = Debug|Any CPU
		{178FDB6B-FAAD-4217-B152-FE5AE9C39EEB}.Debug|Any CPU.Build.0 = Debug|Any CPU
		{178FDB6B-FAAD-4217-B152-FE5AE9C39EEB}.Release|Any CPU.ActiveCfg = Release|Any CPU
		{178FDB6B-FAAD-4217-B152-FE5AE9C39EEB}.Release|Any CPU.Build.0 = Release|Any CPU
	EndGlobalSection
	GlobalSection(SolutionProperties) = preSolution
		HideSolutionNode = FALSE
	EndGlobalSection
	GlobalSection(ExtensibilityGlobals) = postSolution
		SolutionGuid = {82400C70-8683-49DA-ABE6-D1C64DE67C13}
	EndGlobalSection
EndGlobal
